// !$*UTF8*$!
{
	archiveVersion = 1;
	classes = {
	};
	objectVersion = 56;
	objects = {

/* Begin PBXBuildFile section */
		83ADD2E328967A4C000991F4 /* WeatherAppApp.swift in Sources */ = {isa = PBXBuildFile; fileRef = 83ADD2E228967A4C000991F4 /* WeatherAppApp.swift */; };
		83ADD2E528967A4C000991F4 /* ContentView.swift in Sources */ = {isa = PBXBuildFile; fileRef = 83ADD2E428967A4C000991F4 /* ContentView.swift */; };
		83ADD2E728967A4F000991F4 /* Assets.xcassets in Resources */ = {isa = PBXBuildFile; fileRef = 83ADD2E628967A4F000991F4 /* Assets.xcassets */; };
		83ADD2EA28967A4F000991F4 /* Preview Assets.xcassets in Resources */ = {isa = PBXBuildFile; fileRef = 83ADD2E928967A4F000991F4 /* Preview Assets.xcassets */; };
		83ADD2F228967D63000991F4 /* LocationManager.swift in Sources */ = {isa = PBXBuildFile; fileRef = 83ADD2F128967D63000991F4 /* LocationManager.swift */; };
		83ADD2F728968A04000991F4 /* WelcomeView.swift in Sources */ = {isa = PBXBuildFile; fileRef = 83ADD2F628968A04000991F4 /* WelcomeView.swift */; };
		83ADD2F92896B540000991F4 /* LoadingView.swift in Sources */ = {isa = PBXBuildFile; fileRef = 83ADD2F82896B540000991F4 /* LoadingView.swift */; };
		83ADD2FB2896DED0000991F4 /* WeatherManager.swift in Sources */ = {isa = PBXBuildFile; fileRef = 83ADD2FA2896DED0000991F4 /* WeatherManager.swift */; };
		83ADD2FD28977D8D000991F4 /* WeatherView.swift in Sources */ = {isa = PBXBuildFile; fileRef = 83ADD2FC28977D8D000991F4 /* WeatherView.swift */; };
		83ADD2FF28977DEF000991F4 /* ModelData.swift in Sources */ = {isa = PBXBuildFile; fileRef = 83ADD2FE28977DEF000991F4 /* ModelData.swift */; };
		83ADD30328977F46000991F4 /* weatherData.json in Resources */ = {isa = PBXBuildFile; fileRef = 83ADD30228977F46000991F4 /* weatherData.json */; };
		83ADD30528978238000991F4 /* Extensions.swift in Sources */ = {isa = PBXBuildFile; fileRef = 83ADD30428978238000991F4 /* Extensions.swift */; };
		83ADD308289793AF000991F4 /* WeatherRow.swift in Sources */ = {isa = PBXBuildFile; fileRef = 83ADD307289793AF000991F4 /* WeatherRow.swift */; };
/* End PBXBuildFile section */

/* Begin PBXFileReference section */
		83ADD2DF28967A4C000991F4 /* WeatherApp.app */ = {isa = PBXFileReference; explicitFileType = wrapper.application; includeInIndex = 0; path = WeatherApp.app; sourceTree = BUILT_PRODUCTS_DIR; };
		83ADD2E228967A4C000991F4 /* WeatherAppApp.swift */ = {isa = PBXFileReference; lastKnownFileType = sourcecode.swift; path = WeatherAppApp.swift; sourceTree = "<group>"; };
		83ADD2E428967A4C000991F4 /* ContentView.swift */ = {isa = PBXFileReference; lastKnownFileType = sourcecode.swift; path = ContentView.swift; sourceTree = "<group>"; };
		83ADD2E628967A4F000991F4 /* Assets.xcassets */ = {isa = PBXFileReference; lastKnownFileType = folder.assetcatalog; path = Assets.xcassets; sourceTree = "<group>"; };
		83ADD2E928967A4F000991F4 /* Preview Assets.xcassets */ = {isa = PBXFileReference; lastKnownFileType = folder.assetcatalog; path = "Preview Assets.xcassets"; sourceTree = "<group>"; };
		83ADD2F128967D63000991F4 /* LocationManager.swift */ = {isa = PBXFileReference; lastKnownFileType = sourcecode.swift; path = LocationManager.swift; sourceTree = "<group>"; };
		83ADD2F628968A04000991F4 /* WelcomeView.swift */ = {isa = PBXFileReference; lastKnownFileType = sourcecode.swift; path = WelcomeView.swift; sourceTree = "<group>"; };
		83ADD2F82896B540000991F4 /* LoadingView.swift */ = {isa = PBXFileReference; lastKnownFileType = sourcecode.swift; path = LoadingView.swift; sourceTree = "<group>"; };
		83ADD2FA2896DED0000991F4 /* WeatherManager.swift */ = {isa = PBXFileReference; lastKnownFileType = sourcecode.swift; path = WeatherManager.swift; sourceTree = "<group>"; };
		83ADD2FC28977D8D000991F4 /* WeatherView.swift */ = {isa = PBXFileReference; lastKnownFileType = sourcecode.swift; path = WeatherView.swift; sourceTree = "<group>"; };
		83ADD2FE28977DEF000991F4 /* ModelData.swift */ = {isa = PBXFileReference; lastKnownFileType = sourcecode.swift; path = ModelData.swift; sourceTree = "<group>"; };
		83ADD30228977F46000991F4 /* weatherData.json */ = {isa = PBXFileReference; lastKnownFileType = text.json; path = weatherData.json; sourceTree = "<group>"; };
		83ADD30428978238000991F4 /* Extensions.swift */ = {isa = PBXFileReference; lastKnownFileType = sourcecode.swift; path = Extensions.swift; sourceTree = "<group>"; };
		83ADD307289793AF000991F4 /* WeatherRow.swift */ = {isa = PBXFileReference; lastKnownFileType = sourcecode.swift; path = WeatherRow.swift; sourceTree = "<group>"; };
/* End PBXFileReference section */

/* Begin PBXFrameworksBuildPhase section */
		83ADD2DC28967A4C000991F4 /* Frameworks */ = {
			isa = PBXFrameworksBuildPhase;
			buildActionMask = 2147483647;
			files = (
			);
			runOnlyForDeploymentPostprocessing = 0;
		};
/* End PBXFrameworksBuildPhase section */

/* Begin PBXGroup section */
		83ADD2D628967A4C000991F4 = {
			isa = PBXGroup;
			children = (
				83ADD2E128967A4C000991F4 /* WeatherApp */,
				83ADD2E028967A4C000991F4 /* Products */,
			);
			sourceTree = "<group>";
		};
		83ADD2E028967A4C000991F4 /* Products */ = {
			isa = PBXGroup;
			children = (
				83ADD2DF28967A4C000991F4 /* WeatherApp.app */,
			);
			name = Products;
			sourceTree = "<group>";
		};
		83ADD2E128967A4C000991F4 /* WeatherApp */ = {
			isa = PBXGroup;
			children = (
				83ADD30628979382000991F4 /* Components */,
				83ADD2F328968654000991F4 /* Views */,
				83ADD2F028967D2C000991F4 /* Managers */,
				83ADD2E228967A4C000991F4 /* WeatherAppApp.swift */,
				83ADD2E628967A4F000991F4 /* Assets.xcassets */,
				83ADD2E828967A4F000991F4 /* Preview Content */,
				83ADD30428978238000991F4 /* Extensions.swift */,
			);
			path = WeatherApp;
			sourceTree = "<group>";
		};
		83ADD2E828967A4F000991F4 /* Preview Content */ = {
			isa = PBXGroup;
			children = (
				83ADD2E928967A4F000991F4 /* Preview Assets.xcassets */,
				83ADD2FE28977DEF000991F4 /* ModelData.swift */,
				83ADD30228977F46000991F4 /* weatherData.json */,
			);
			path = "Preview Content";
			sourceTree = "<group>";
		};
		83ADD2F028967D2C000991F4 /* Managers */ = {
			isa = PBXGroup;
			children = (
				83ADD2F128967D63000991F4 /* LocationManager.swift */,
				83ADD2FA2896DED0000991F4 /* WeatherManager.swift */,
			);
			path = Managers;
			sourceTree = "<group>";
		};
		83ADD2F328968654000991F4 /* Views */ = {
			isa = PBXGroup;
			children = (
				83ADD2E428967A4C000991F4 /* ContentView.swift */,
				83ADD2F628968A04000991F4 /* WelcomeView.swift */,
				83ADD2F82896B540000991F4 /* LoadingView.swift */,
				83ADD2FC28977D8D000991F4 /* WeatherView.swift */,
			);
			path = Views;
			sourceTree = "<group>";
		};
		83ADD30628979382000991F4 /* Components */ = {
			isa = PBXGroup;
			children = (
				83ADD307289793AF000991F4 /* WeatherRow.swift */,
			);
			path = Components;
			sourceTree = "<group>";
		};
/* End PBXGroup section */

/* Begin PBXNativeTarget section */
		83ADD2DE28967A4C000991F4 /* WeatherApp */ = {
			isa = PBXNativeTarget;
			buildConfigurationList = 83ADD2ED28967A4F000991F4 /* Build configuration list for PBXNativeTarget "WeatherApp" */;
			buildPhases = (
				83ADD2DB28967A4C000991F4 /* Sources */,
				83ADD2DC28967A4C000991F4 /* Frameworks */,
				83ADD2DD28967A4C000991F4 /* Resources */,
			);
			buildRules = (
			);
			dependencies = (
			);
			name = WeatherApp;
			productName = WeatherApp;
			productReference = 83ADD2DF28967A4C000991F4 /* WeatherApp.app */;
			productType = "com.apple.product-type.application";
		};
/* End PBXNativeTarget section */

/* Begin PBXProject section */
		83ADD2D728967A4C000991F4 /* Project object */ = {
			isa = PBXProject;
			attributes = {
				BuildIndependentTargetsInParallel = 1;
				LastSwiftUpdateCheck = 1400;
				LastUpgradeCheck = 1400;
				TargetAttributes = {
					83ADD2DE28967A4C000991F4 = {
						CreatedOnToolsVersion = 14.0;
					};
				};
			};
			buildConfigurationList = 83ADD2DA28967A4C000991F4 /* Build configuration list for PBXProject "WeatherApp" */;
			compatibilityVersion = "Xcode 14.0";
			developmentRegion = en;
			hasScannedForEncodings = 0;
			knownRegions = (
				en,
				Base,
			);
			mainGroup = 83ADD2D628967A4C000991F4;
			productRefGroup = 83ADD2E028967A4C000991F4 /* Products */;
			projectDirPath = "";
			projectRoot = "";
			targets = (
				83ADD2DE28967A4C000991F4 /* WeatherApp */,
			);
		};
/* End PBXProject section */

/* Begin PBXResourcesBuildPhase section */
		83ADD2DD28967A4C000991F4 /* Resources */ = {
			isa = PBXResourcesBuildPhase;
			buildActionMask = 2147483647;
			files = (
				83ADD30328977F46000991F4 /* weatherData.json in Resources */,
				83ADD2EA28967A4F000991F4 /* Preview Assets.xcassets in Resources */,
				83ADD2E728967A4F000991F4 /* Assets.xcassets in Resources */,
			);
			runOnlyForDeploymentPostprocessing = 0;
		};
/* End PBXResourcesBuildPhase section */

/* Begin PBXSourcesBuildPhase section */
		83ADD2DB28967A4C000991F4 /* Sources */ = {
			isa = PBXSourcesBuildPhase;
			buildActionMask = 2147483647;
			files = (
				83ADD2FB2896DED0000991F4 /* WeatherManager.swift in Sources */,
				83ADD30528978238000991F4 /* Extensions.swift in Sources */,
				83ADD2E528967A4C000991F4 /* ContentView.swift in Sources */,
				83ADD2E328967A4C000991F4 /* WeatherAppApp.swift in Sources */,
				83ADD2F228967D63000991F4 /* LocationManager.swift in Sources */,
				83ADD308289793AF000991F4 /* WeatherRow.swift in Sources */,
				83ADD2F92896B540000991F4 /* LoadingView.swift in Sources */,
				83ADD2FF28977DEF000991F4 /* ModelData.swift in Sources */,
				83ADD2FD28977D8D000991F4 /* WeatherView.swift in Sources */,
				83ADD2F728968A04000991F4 /* WelcomeView.swift in Sources */,
			);
			runOnlyForDeploymentPostprocessing = 0;
		};
/* End PBXSourcesBuildPhase section */

/* Begin XCBuildConfiguration section */
		83ADD2EB28967A4F000991F4 /* Debug */ = {
			isa = XCBuildConfiguration;
			buildSettings = {
				ALWAYS_SEARCH_USER_PATHS = NO;
				CLANG_ANALYZER_NONNULL = YES;
				CLANG_ANALYZER_NUMBER_OBJECT_CONVERSION = YES_AGGRESSIVE;
				CLANG_CXX_LANGUAGE_STANDARD = "gnu++20";
				CLANG_ENABLE_MODULES = YES;
				CLANG_ENABLE_OBJC_ARC = YES;
				CLANG_ENABLE_OBJC_WEAK = YES;
				CLANG_WARN_BLOCK_CAPTURE_AUTORELEASING = YES;
				CLANG_WARN_BOOL_CONVERSION = YES;
				CLANG_WARN_COMMA = YES;
				CLANG_WARN_CONSTANT_CONVERSION = YES;
				CLANG_WARN_DEPRECATED_OBJC_IMPLEMENTATIONS = YES;
				CLANG_WARN_DIRECT_OBJC_ISA_USAGE = YES_ERROR;
				CLANG_WARN_DOCUMENTATION_COMMENTS = YES;
				CLANG_WARN_EMPTY_BODY = YES;
				CLANG_WARN_ENUM_CONVERSION = YES;
				CLANG_WARN_INFINITE_RECURSION = YES;
				CLANG_WARN_INT_CONVERSION = YES;
				CLANG_WARN_NON_LITERAL_NULL_CONVERSION = YES;
				CLANG_WARN_OBJC_IMPLICIT_RETAIN_SELF = YES;
				CLANG_WARN_OBJC_LITERAL_CONVERSION = YES;
				CLANG_WARN_OBJC_ROOT_CLASS = YES_ERROR;
				CLANG_WARN_QUOTED_INCLUDE_IN_FRAMEWORK_HEADER = YES;
				CLANG_WARN_RANGE_LOOP_ANALYSIS = YES;
				CLANG_WARN_STRICT_PROTOTYPES = YES;
				CLANG_WARN_SUSPICIOUS_MOVE = YES;
				CLANG_WARN_UNGUARDED_AVAILABILITY = YES_AGGRESSIVE;
				CLANG_WARN_UNREACHABLE_CODE = YES;
				CLANG_WARN__DUPLICATE_METHOD_MATCH = YES;
				COPY_PHASE_STRIP = NO;
				DEBUG_INFORMATION_FORMAT = dwarf;
				ENABLE_STRICT_OBJC_MSGSEND = YES;
				ENABLE_TESTABILITY = YES;
				GCC_C_LANGUAGE_STANDARD = gnu11;
				GCC_DYNAMIC_NO_PIC = NO;
				GCC_NO_COMMON_BLOCKS = YES;
				GCC_OPTIMIZATION_LEVEL = 0;
				GCC_PREPROCESSOR_DEFINITIONS = (
					"DEBUG=1",
					"$(inherited)",
				);
				GCC_WARN_64_TO_32_BIT_CONVERSION = YES;
				GCC_WARN_ABOUT_RETURN_TYPE = YES_ERROR;
				GCC_WARN_UNDECLARED_SELECTOR = YES;
				GCC_WARN_UNINITIALIZED_AUTOS = YES_AGGRESSIVE;
				GCC_WARN_UNUSED_FUNCTION = YES;
				GCC_WARN_UNUSED_VARIABLE = YES;
				IPHONEOS_DEPLOYMENT_TARGET = 16.0;
				MTL_ENABLE_DEBUG_INFO = INCLUDE_SOURCE;
				MTL_FAST_MATH = YES;
				ONLY_ACTIVE_ARCH = YES;
				SDKROOT = iphoneos;
				SWIFT_ACTIVE_COMPILATION_CONDITIONS = DEBUG;
				SWIFT_OPTIMIZATION_LEVEL = "-Onone";
			};
			name = Debug;
		};
		83ADD2EC28967A4F000991F4 /* Release */ = {
			isa = XCBuildConfiguration;
			buildSettings = {
				ALWAYS_SEARCH_USER_PATHS = NO;
				CLANG_ANALYZER_NONNULL = YES;
				CLANG_ANALYZER_NUMBER_OBJECT_CONVERSION = YES_AGGRESSIVE;
				CLANG_CXX_LANGUAGE_STANDARD = "gnu++20";
				CLANG_ENABLE_MODULES = YES;
				CLANG_ENABLE_OBJC_ARC = YES;
				CLANG_ENABLE_OBJC_WEAK = YES;
				CLANG_WARN_BLOCK_CAPTURE_AUTORELEASING = YES;
				CLANG_WARN_BOOL_CONVERSION = YES;
				CLANG_WARN_COMMA = YES;
				CLANG_WARN_CONSTANT_CONVERSION = YES;
				CLANG_WARN_DEPRECATED_OBJC_IMPLEMENTATIONS = YES;
				CLANG_WARN_DIRECT_OBJC_ISA_USAGE = YES_ERROR;
				CLANG_WARN_DOCUMENTATION_COMMENTS = YES;
				CLANG_WARN_EMPTY_BODY = YES;
				CLANG_WARN_ENUM_CONVERSION = YES;
				CLANG_WARN_INFINITE_RECURSION = YES;
				CLANG_WARN_INT_CONVERSION = YES;
				CLANG_WARN_NON_LITERAL_NULL_CONVERSION = YES;
				CLANG_WARN_OBJC_IMPLICIT_RETAIN_SELF = YES;
				CLANG_WARN_OBJC_LITERAL_CONVERSION = YES;
				CLANG_WARN_OBJC_ROOT_CLASS = YES_ERROR;
				CLANG_WARN_QUOTED_INCLUDE_IN_FRAMEWORK_HEADER = YES;
				CLANG_WARN_RANGE_LOOP_ANALYSIS = YES;
				CLANG_WARN_STRICT_PROTOTYPES = YES;
				CLANG_WARN_SUSPICIOUS_MOVE = YES;
				CLANG_WARN_UNGUARDED_AVAILABILITY = YES_AGGRESSIVE;
				CLANG_WARN_UNREACHABLE_CODE = YES;
				CLANG_WARN__DUPLICATE_METHOD_MATCH = YES;
				COPY_PHASE_STRIP = NO;
				DEBUG_INFORMATION_FORMAT = "dwarf-with-dsym";
				ENABLE_NS_ASSERTIONS = NO;
				ENABLE_STRICT_OBJC_MSGSEND = YES;
				GCC_C_LANGUAGE_STANDARD = gnu11;
				GCC_NO_COMMON_BLOCKS = YES;
				GCC_WARN_64_TO_32_BIT_CONVERSION = YES;
				GCC_WARN_ABOUT_RETURN_TYPE = YES_ERROR;
				GCC_WARN_UNDECLARED_SELECTOR = YES;
				GCC_WARN_UNINITIALIZED_AUTOS = YES_AGGRESSIVE;
				GCC_WARN_UNUSED_FUNCTION = YES;
				GCC_WARN_UNUSED_VARIABLE = YES;
				IPHONEOS_DEPLOYMENT_TARGET = 16.0;
				MTL_ENABLE_DEBUG_INFO = NO;
				MTL_FAST_MATH = YES;
				SDKROOT = iphoneos;
				SWIFT_COMPILATION_MODE = wholemodule;
				SWIFT_OPTIMIZATION_LEVEL = "-O";
				VALIDATE_PRODUCT = YES;
			};
			name = Release;
		};
		83ADD2EE28967A4F000991F4 /* Debug */ = {
			isa = XCBuildConfiguration;
			buildSettings = {
				ASSETCATALOG_COMPILER_APPICON_NAME = AppIcon;
				ASSETCATALOG_COMPILER_GLOBAL_ACCENT_COLOR_NAME = AccentColor;
				CODE_SIGN_STYLE = Automatic;
				CURRENT_PROJECT_VERSION = 1;
				DEVELOPMENT_ASSET_PATHS = "\"WeatherApp/Preview Content\"";
				DEVELOPMENT_TEAM = 677G73DS82;
				ENABLE_PREVIEWS = YES;
				GENERATE_INFOPLIST_FILE = YES;
				INFOPLIST_KEY_UIApplicationSceneManifest_Generation = YES;
				INFOPLIST_KEY_UIApplicationSupportsIndirectInputEvents = YES;
				INFOPLIST_KEY_UILaunchScreen_Generation = YES;
				INFOPLIST_KEY_UISupportedInterfaceOrientations_iPad = "UIInterfaceOrientationPortrait UIInterfaceOrientationPortraitUpsideDown UIInterfaceOrientationLandscapeLeft UIInterfaceOrientationLandscapeRight";
				INFOPLIST_KEY_UISupportedInterfaceOrientations_iPhone = "UIInterfaceOrientationPortrait UIInterfaceOrientationLandscapeLeft UIInterfaceOrientationLandscapeRight";
				LD_RUNPATH_SEARCH_PATHS = (
					"$(inherited)",
					"@executable_path/Frameworks",
				);
				MARKETING_VERSION = 1.0;
				PRODUCT_BUNDLE_IDENTIFIER = com.chris.WeatherApp;
				PRODUCT_NAME = "$(TARGET_NAME)";
				SWIFT_EMIT_LOC_STRINGS = YES;
				SWIFT_VERSION = 5.0;
				TARGETED_DEVICE_FAMILY = "1,2";
			};
			name = Debug;
		};
		83ADD2EF28967A4F000991F4 /* Release */ = {
			isa = XCBuildConfiguration;
			buildSettings = {
				ASSETCATALOG_COMPILER_APPICON_NAME = AppIcon;
				ASSETCATALOG_COMPILER_GLOBAL_ACCENT_COLOR_NAME = AccentColor;
				CODE_SIGN_STYLE = Automatic;
				CURRENT_PROJECT_VERSION = 1;
				DEVELOPMENT_ASSET_PATHS = "\"WeatherApp/Preview Content\"";
				DEVELOPMENT_TEAM = 677G73DS82;
				ENABLE_PREVIEWS = YES;
				GENERATE_INFOPLIST_FILE = YES;
				INFOPLIST_KEY_UIApplicationSceneManifest_Generation = YES;
				INFOPLIST_KEY_UIApplicationSupportsIndirectInputEvents = YES;
				INFOPLIST_KEY_UILaunchScreen_Generation = YES;
				INFOPLIST_KEY_UISupportedInterfaceOrientations_iPad = "UIInterfaceOrientationPortrait UIInterfaceOrientationPortraitUpsideDown UIInterfaceOrientationLandscapeLeft UIInterfaceOrientationLandscapeRight";
				INFOPLIST_KEY_UISupportedInterfaceOrientations_iPhone = "UIInterfaceOrientationPortrait UIInterfaceOrientationLandscapeLeft UIInterfaceOrientationLandscapeRight";
				LD_RUNPATH_SEARCH_PATHS = (
					"$(inherited)",
					"@executable_path/Frameworks",
				);
				MARKETING_VERSION = 1.0;
				PRODUCT_BUNDLE_IDENTIFIER = com.chris.WeatherApp;
				PRODUCT_NAME = "$(TARGET_NAME)";
				SWIFT_EMIT_LOC_STRINGS = YES;
				SWIFT_VERSION = 5.0;
				TARGETED_DEVICE_FAMILY = "1,2";
			};
			name = Release;
		};
/* End XCBuildConfiguration section */

/* Begin XCConfigurationList section */
		83ADD2DA28967A4C000991F4 /* Build configuration list for PBXProject "WeatherApp" */ = {
			isa = XCConfigurationList;
			buildConfigurations = (
				83ADD2EB28967A4F000991F4 /* Debug */,
				83ADD2EC28967A4F000991F4 /* Release */,
			);
			defaultConfigurationIsVisible = 0;
			defaultConfigurationName = Release;
		};
		83ADD2ED28967A4F000991F4 /* Build configuration list for PBXNativeTarget "WeatherApp" */ = {
			isa = XCConfigurationList;
			buildConfigurations = (
				83ADD2EE28967A4F000991F4 /* Debug */,
				83ADD2EF28967A4F000991F4 /* Release */,
			);
			defaultConfigurationIsVisible = 0;
			defaultConfigurationName = Release;
		};
/* End XCConfigurationList section */
	};
	rootObject = 83ADD2D728967A4C000991F4 /* Project object */;
}
